
Microsoft Visual Studio Solution File, Format Version 12.00
# Visual Studio Version 17
VisualStudioVersion = 17.4.33110.190
MinimumVisualStudioVersion = 10.0.40219.1
Project("{FAE04EC0-301F-11D3-BF4B-00C04F79EFBC}") = "PripremaZaProvjeruZnanja4", "PripremaZaProvjeruZnanja4.csproj", "{35BABF87-2C17-4636-828A-446C5C1A12DB}"
EndProject
Global
	GlobalSection(SolutionConfigurationPlatforms) = preSolution
		Debug|Any CPU = Debug|Any CPU
		Release|Any CPU = Release|Any CPU
	EndGlobalSection
	GlobalSection(ProjectConfigurationPlatforms) = postSolution
		{35BABF87-2C17-4636-828A-446C5C1A12DB}.Debug|Any CPU.ActiveCfg = Debug|Any CPU
		{35BABF87-2C17-4636-828A-446C5C1A12DB}.Debug|Any CPU.Build.0 = Debug|Any CPU
		{35BABF87-2C17-4636-828A-446C5C1A12DB}.Release|Any CPU.ActiveCfg = Release|Any CPU
		{35BABF87-2C17-4636-828A-446C5C1A12DB}.Release|Any CPU.Build.0 = Release|Any CPU
	EndGlobalSection
	GlobalSection(SolutionProperties) = preSolution
		HideSolutionNode = FALSE
	EndGlobalSection
	GlobalSection(ExtensibilityGlobals) = postSolution
		SolutionGuid = {C08F13C1-B451-4E0A-8CE4-F3981E37BF56}
	EndGlobalSection
EndGlobal
